
Microsoft Visual Studio Solution File, Format Version 12.00
# Visual Studio Version 16
VisualStudioVersion = 16.0.29709.97
MinimumVisualStudioVersion = 10.0.40219.1
Project("{FAE04EC0-301F-11D3-BF4B-00C04F79EFBC}") = "ToDoAppWebSolution", "ToDoAppWebSolution\ToDoAppWebSolution.csproj", "{31FCEAB2-6669-43D3-A545-DF006D55FF2C}"
EndProject
Global
	GlobalSection(SolutionConfigurationPlatforms) = preSolution
		Debug|Any CPU = Debug|Any CPU
		Release|Any CPU = Release|Any CPU
	EndGlobalSection
	GlobalSection(ProjectConfigurationPlatforms) = postSolution
		{31FCEAB2-6669-43D3-A545-DF006D55FF2C}.Debug|Any CPU.ActiveCfg = Debug|Any CPU
		{31FCEAB2-6669-43D3-A545-DF006D55FF2C}.Debug|Any CPU.Build.0 = Debug|Any CPU
		{31FCEAB2-6669-43D3-A545-DF006D55FF2C}.Release|Any CPU.ActiveCfg = Release|Any CPU
		{31FCEAB2-6669-43D3-A545-DF006D55FF2C}.Release|Any CPU.Build.0 = Release|Any CPU
	EndGlobalSection
	GlobalSection(SolutionProperties) = preSolution
		HideSolutionNode = FALSE
	EndGlobalSection
	GlobalSection(ExtensibilityGlobals) = postSolution
		SolutionGuid = {1508BEDB-1D80-45E3-B03D-E39A180E4317}
	EndGlobalSection
EndGlobal
